# This file is automatically @generated by Cargo.
# It is not intended for manual editing.
[[package]]
name = "blake2b-ref"
version = "0.3.0"
source = "registry+https://github.com/rust-lang/crates.io-index"
checksum = "88756126a7634ad9c13ed0a6da9aa3376a6b7000eb5fcdbb89d153196326bbcd"

[[package]]
name = "bridge-lockscript"
version = "0.1.0"
dependencies = [
 "bridge-lockscript-lib",
 "ckb-std",
 "contracts-helper",
]

[[package]]
name = "bridge-lockscript-lib"
version = "0.1.0"
dependencies = [
 "ckb-std",
 "contracts-helper",
 "force-bridge-types",
 "hex",
 "molecule",
 "no-std-compat",
 "rlp",
 "sparse-merkle-tree",
]

[[package]]
name = "buddy-alloc"
version = "0.4.1"
source = "registry+https://github.com/rust-lang/crates.io-index"
checksum = "8ff9f338986406db85e2b5deb40a9255b796ca03a194c7457403d215173f3fd5"

[[package]]
name = "byteorder"
version = "1.4.2"
source = "registry+https://github.com/rust-lang/crates.io-index"
checksum = "ae44d1a3d5a19df61dd0c8beb138458ac2a53a7ac09eba97d55592540004306b"

[[package]]
name = "cc"
version = "1.0.66"
source = "registry+https://github.com/rust-lang/crates.io-index"
checksum = "4c0496836a84f8d0495758516b8621a622beb77c0fed418570e50764093ced48"

[[package]]
name = "cfg-if"
version = "0.1.10"
source = "registry+https://github.com/rust-lang/crates.io-index"
checksum = "4785bdd1c96b2a846b2bd7cc02e86b6b3dbf14e7e53446c4f54c92a361040822"

[[package]]
name = "cfg-if"
version = "1.0.0"
source = "registry+https://github.com/rust-lang/crates.io-index"
checksum = "baf1de4339761588bc0619e3cbc0120ee582ebb74b53b4efbf79117bd2da40fd"

[[package]]
name = "ckb-standalone-types"
version = "0.0.1-pre.1"
source = "registry+https://github.com/rust-lang/crates.io-index"
checksum = "af2cdbdf65ee5b1da71504f5a03d6984bce77d0b4b46daff63f4ba4a3b0eef08"
dependencies = [
 "cfg-if 0.1.10",
 "molecule",
]

[[package]]
name = "ckb-std"
version = "0.7.2"
source = "registry+https://github.com/rust-lang/crates.io-index"
checksum = "35e14bf64c694f078d6d33bad7e2b9a87d129d8b4e4c9a6cfc4364e2c6eddbd9"
dependencies = [
 "buddy-alloc",
 "cc",
 "ckb-standalone-types",
]

[[package]]
name = "contracts-helper"
version = "0.1.0"
dependencies = [
 "ckb-std",
 "no-std-compat",
]

[[package]]
name = "crunchy"
version = "0.2.2"
source = "registry+https://github.com/rust-lang/crates.io-index"
checksum = "7a81dae078cea95a014a339291cec439d2f232ebe854a9d672b796c6afafa9b7"

[[package]]
name = "ethbloom"
version = "0.9.2"
source = "registry+https://github.com/rust-lang/crates.io-index"
checksum = "71a6567e6fd35589fea0c63b94b4cf2e55573e413901bdbe60ab15cf0e25e5df"
dependencies = [
 "crunchy",
 "fixed-hash",
 "impl-rlp",
 "tiny-keccak",
]

[[package]]
name = "ethereum-types"
version = "0.9.2"
source = "registry+https://github.com/rust-lang/crates.io-index"
checksum = "473aecff686bd8e7b9db0165cbbb53562376b39bf35b427f0c60446a9e1634b0"
dependencies = [
 "ethbloom",
 "fixed-hash",
 "impl-rlp",
 "primitive-types",
 "uint",
]

[[package]]
name = "fixed-hash"
version = "0.6.1"
source = "registry+https://github.com/rust-lang/crates.io-index"
checksum = "11498d382790b7a8f2fd211780bec78619bba81cdad3a283997c0c41f836759c"
dependencies = [
 "byteorder",
 "rustc-hex",
 "static_assertions",
]

[[package]]
name = "force-bridge-types"
version = "0.1.0"
dependencies = [
 "blake2b-ref",
 "cfg-if 1.0.0",
 "ethereum-types",
 "molecule",
 "no-std-compat",
 "sparse-merkle-tree",
]

[[package]]
name = "hex"
version = "0.4.2"
source = "registry+https://github.com/rust-lang/crates.io-index"
checksum = "644f9158b2f133fd50f5fb3242878846d9eb792e445c893805ff0e3824006e35"

[[package]]
name = "impl-rlp"
version = "0.2.1"
source = "registry+https://github.com/rust-lang/crates.io-index"
checksum = "8f7a72f11830b52333f36e3b09a288333888bf54380fd0ac0790a3c31ab0f3c5"
dependencies = [
 "rlp",
]

[[package]]
name = "molecule"
version = "0.6.1"
source = "registry+https://github.com/rust-lang/crates.io-index"
checksum = "3067ceba3d7f5dcc7427cfc584fc506e756f1161151032fec840455f5a3c2fd5"
dependencies = [
 "cfg-if 0.1.10",
]

[[package]]
name = "no-std-compat"
version = "0.4.1"
source = "registry+https://github.com/rust-lang/crates.io-index"
checksum = "b93853da6d84c2e3c7d730d6473e8817692dd89be387eb01b94d7f108ecb5b8c"

[[package]]
name = "primitive-types"
version = "0.7.3"
source = "registry+https://github.com/rust-lang/crates.io-index"
checksum = "7dd39dcacf71411ba488570da7bbc89b717225e46478b30ba99b92db6b149809"
dependencies = [
 "fixed-hash",
 "impl-rlp",
 "uint",
]

[[package]]
name = "rlp"
version = "0.4.6"
source = "registry+https://github.com/rust-lang/crates.io-index"
checksum = "1190dcc8c3a512f1eef5d09bb8c84c7f39e1054e174d1795482e18f5272f2e73"
dependencies = [
 "rustc-hex",
]

[[package]]
name = "rustc-hex"
version = "2.1.0"
source = "registry+https://github.com/rust-lang/crates.io-index"
checksum = "3e75f6a532d0fd9f7f13144f392b6ad56a32696bfcd9c78f797f16bbb6f072d6"

[[package]]
name = "sparse-merkle-tree"
version = "0.3.1-pre"
source = "registry+https://github.com/rust-lang/crates.io-index"
checksum = "319827f79e565c18099ef900023e7bcc3ebf8ca9ae8d5bf9b28df87f5ef19a34"
dependencies = [
 "cfg-if 0.1.10",
]

[[package]]
name = "static_assertions"
version = "1.1.0"
source = "registry+https://github.com/rust-lang/crates.io-index"
checksum = "a2eb9349b6444b326872e140eb1cf5e7c522154d69e7a0ffb0fb81c06b37543f"

[[package]]
name = "tiny-keccak"
version = "2.0.2"
source = "registry+https://github.com/rust-lang/crates.io-index"
checksum = "2c9d3793400a45f954c52e73d068316d76b6f4e36977e3fcebb13a2721e80237"
dependencies = [
 "crunchy",
]

[[package]]
name = "uint"
version = "0.8.5"
source = "registry+https://github.com/rust-lang/crates.io-index"
checksum = "9db035e67dfaf7edd9aebfe8676afcd63eed53c8a4044fed514c8cccf1835177"
dependencies = [
 "byteorder",
 "crunchy",
 "rustc-hex",
 "static_assertions",
]
